{"SurveyEntry":{"SurveyID":"SV_3xyKTf1YNMu5IHk","SurveyName":"Exp Res 2022 Idea 2 - premium vs private label","SurveyDescription":null,"SurveyOwnerID":"URH_6XqomuTa5EKiuZC","SurveyBrandID":"tilburgss","DivisionID":null,"SurveyLanguage":"EN","SurveyActiveResponseSet":"RS_0v3nGfzwIJtakku","SurveyStatus":"Inactive","SurveyStartDate":"0000-00-00 00:00:00","SurveyExpirationDate":"0000-00-00 00:00:00","SurveyCreationDate":"2022-05-07 06:29:43","CreatorID":"URH_6XqomuTa5EKiuZC","LastModified":"2022-05-10 01:53:57","LastAccessed":"0000-00-00 00:00:00","LastActivated":"2022-05-08 02:59:31","Deleted":null},"SurveyElements":[{"SurveyID":"SV_3xyKTf1YNMu5IHk","Element":"BL","PrimaryAttribute":"Survey Blocks","SecondaryAttribute":null,"TertiaryAttribute":null,"Payload":{"0":{"Type":"Default","Description":"Default Question Block","ID":"BL_7TIAGkqjvmp3SWW","BlockElements":[{"Type":"Question","QuestionID":"QID1"},{"Type":"Question","QuestionID":"QID13"},{"Type":"Page Break"},{"Type":"Question","QuestionID":"QID12"},{"Type":"Page Break"},{"Type":"Question","QuestionID":"QID15"}],"Options":{"BlockLocking":"true","RandomizeQuestions":"false","BlockVisibility":"Collapsed","BlockPassword":""}},"1":{"Type":"Trash","Description":"Trash \/ Unused Questions","ID":"BL_8kM1JWhEua8gmLs","BlockElements":[{"Type":"Question","QuestionID":"QID7"},{"Type":"Question","QuestionID":"QID8"},{"Type":"Question","QuestionID":"QID6"},{"Type":"Question","QuestionID":"QID11"},{"Type":"Question","QuestionID":"QID9"},{"Type":"Question","QuestionID":"QID10"},{"Type":"Question","QuestionID":"QID18"},{"Type":"Question","QuestionID":"QID19"},{"Type":"Question","QuestionID":"QID14"}],"Options":{"BlockLocking":"false","RandomizeQuestions":"false","BlockVisibility":"Collapsed"}},"2":{"Type":"Standard","SubType":"","Description":"Main_Block","ID":"BL_a5FJDlvk8QHZz5c","BlockElements":[{"Type":"Question","QuestionID":"QID16"},{"Type":"Question","QuestionID":"QID17"},{"Type":"Question","QuestionID":"QID5"}],"Options":{"BlockLocking":"false","RandomizeQuestions":"Advanced","BlockVisibility":"Expanded","Randomization":{"Advanced":{"FixedOrder":["{~SubSet~}","QID5"],"RandomizeAll":[],"RandomSubSet":["QID16","QID17"],"Undisplayed":[],"TotalRandSubset":1,"QuestionsPerPage":0},"EvenPresentation":false},"BlockPassword":""}},"3":{"Type":"Standard","SubType":"","Description":"Demos","ID":"BL_24OxUubzJVl4SLc","BlockElements":[{"Type":"Question","QuestionID":"QID2"},{"Type":"Question","QuestionID":"QID3"},{"Type":"Page Break"},{"Type":"Question","QuestionID":"QID4"}],"Options":{"BlockLocking":"true","RandomizeQuestions":"false","BlockVisibility":"Collapsed","BlockPassword":""}},"7":{"Type":"Standard","SubType":"","Description":"Thanks","ID":"BL_b3AStBkevNSVlaK","BlockElements":[{"Type":"Question","QuestionID":"QID20"}],"Options":{"BlockLocking":"true","RandomizeQuestions":"false","BlockVisibility":"Collapsed","BlockPassword":""}},"8":{"Type":"Standard","SubType":"","Description":"WTP","ID":"BL_ezxTWamjRDlukLQ","BlockElements":[{"Type":"Question","QuestionID":"QID21"},{"Type":"Question","QuestionID":"QID22"},{"Type":"Question","QuestionID":"QID23"},{"Type":"Question","QuestionID":"QID24"}],"Options":{"BlockLocking":"true","RandomizeQuestions":"Advanced","Randomization":{"Advanced":{"FixedOrder":["QID21","QID22","{~Randomized~}","{~Randomized~}"],"RandomizeAll":["QID23","QID24"],"RandomSubSet":[],"Undisplayed":[],"TotalRandSubset":0,"QuestionsPerPage":0},"EvenPresentation":false},"BlockVisibility":"Collapsed","BlockPassword":""}}}},{"SurveyID":"SV_3xyKTf1YNMu5IHk","Element":"FL","PrimaryAttribute":"Survey Flow","SecondaryAttribute":null,"TertiaryAttribute":null,"Payload":{"Type":"Root","FlowID":"FL_1","Flow":[{"Type":"Block","ID":"BL_7TIAGkqjvmp3SWW","FlowID":"FL_2","Autofill":[]},{"Type":"Standard","ID":"BL_a5FJDlvk8QHZz5c","FlowID":"FL_3","Autofill":[]},{"ID":"BL_ezxTWamjRDlukLQ","Type":"Standard","FlowID":"FL_11"},{"Type":"Standard","ID":"BL_24OxUubzJVl4SLc","FlowID":"FL_4","Autofill":[]},{"ID":"BL_b3AStBkevNSVlaK","Type":"Standard","FlowID":"FL_10"}],"Properties":{"Count":11,"RemovedFieldsets":[]}}},{"SurveyID":"SV_3xyKTf1YNMu5IHk","Element":"RS","PrimaryAttribute":"RS_0v3nGfzwIJtakku","SecondaryAttribute":null,"TertiaryAttribute":null,"Payload":null},{"SurveyID":"SV_3xyKTf1YNMu5IHk","Element":"SO","PrimaryAttribute":"Survey Options","SecondaryAttribute":null,"TertiaryAttribute":null,"Payload":{"BackButton":"false","SaveAndContinue":"true","SurveyProtection":"PublicSurvey","BallotBoxStuffingPrevention":"false","NoIndex":"Yes","SecureResponseFiles":"true","SurveyExpiration":"None","SurveyTermination":"Redirect","Header":"","Footer":"","ProgressBarDisplay":"None","PartialData":"+1 week","ValidationMessage":null,"PreviousButton":" \u2190 ","NextButton":" \u2192 ","SurveyTitle":"Qualtrics Survey | Qualtrics Experience Management","SkinLibrary":"tilburgss","SkinType":"templated","Skin":{"brandingId":"7609407118","templateId":"*base","overrides":null},"NewScoring":1,"CustomStyles":[],"ProtectSelectionIds":true,"EOSMessage":null,"ShowExportTags":"false","CollectGeoLocation":"false","SurveyMetaDescription":"Survey Software, Enterprise Survey software for enterprise feedback management and CRM solutions. Enables high-quality data collection, panel management and results analysis. Perfect for market research or CRM solution (Customer Relationship Management) integration. Free trial and consultation.","PasswordProtection":"No","AnonymizeResponse":"Yes","RefererCheck":"No","UseCustomSurveyLinkCompletedMessage":null,"SurveyLinkCompletedMessage":null,"SurveyLinkCompletedMessageLibrary":null,"ResponseSummary":"No","EOSMessageLibrary":null,"EOSRedirectURL":"https:\/\/app.prolific.co\/submissions\/complete?cc=3EF7E2F1","EmailThankYou":"false","ThankYouEmailMessageLibrary":null,"ThankYouEmailMessage":null,"ValidateMessage":"false","ValidationMessageLibrary":null,"InactiveSurvey":null,"PartialDeletion":null,"PartialDataCloseAfter":"LastActivity","InactiveMessageLibrary":null,"InactiveMessage":null,"AvailableLanguages":{"EN":[]}}},{"SurveyID":"SV_3xyKTf1YNMu5IHk","Element":"SCO","PrimaryAttribute":"Scoring","SecondaryAttribute":null,"TertiaryAttribute":null,"Payload":{"ScoringCategories":[],"ScoringCategoryGroups":[],"ScoringSummaryCategory":null,"ScoringSummaryAfterQuestions":0,"ScoringSummaryAfterSurvey":0,"DefaultScoringCategory":null,"AutoScoringCategory":null}},{"SurveyID":"SV_3xyKTf1YNMu5IHk","Element":"PROJ","PrimaryAttribute":"CORE","SecondaryAttribute":null,"TertiaryAttribute":"1.1.0","Payload":{"ProjectCategory":"CORE","SchemaVersion":"1.1.0"}},{"SurveyID":"SV_3xyKTf1YNMu5IHk","Element":"STAT","PrimaryAttribute":"Survey Statistics","SecondaryAttribute":null,"TertiaryAttribute":null,"Payload":{"MobileCompatible":true,"ID":"Survey Statistics"}},{"SurveyID":"SV_3xyKTf1YNMu5IHk","Element":"SQ","PrimaryAttribute":"QID13","SecondaryAttribute":" ","TertiaryAttribute":null,"Payload":{"QuestionText":"&nbsp;","DefaultChoices":false,"DataExportTag":"consent","QuestionType":"MC","Selector":"MAVR","SubSelector":"TX","Configuration":{"QuestionDescriptionOption":"UseText"},"QuestionDescription":" ","Choices":{"1":{"Display":"I consent to participating in this study"}},"ChoiceOrder":["1"],"Validation":{"Settings":{"ForceResponse":"ON","ForceResponseType":"ON","Type":"None"}},"GradingData":[],"Language":[],"NextChoiceId":4,"NextAnswerId":1,"QuestionID":"QID13"}},{"SurveyID":"SV_3xyKTf1YNMu5IHk","Element":"QC","PrimaryAttribute":"Survey Question Count","SecondaryAttribute":"24","TertiaryAttribute":null,"Payload":null},{"SurveyID":"SV_3xyKTf1YNMu5IHk","Element":"SQ","PrimaryAttribute":"QID11","SecondaryAttribute":"Are you an IBA or BA student?","TertiaryAttribute":null,"Payload":{"QuestionText":"Are you an IBA or BA student?","DefaultChoices":false,"DataExportTag":"ba_iba","QuestionType":"MC","Selector":"SAVR","SubSelector":"TX","DataVisibility":{"Private":false,"Hidden":false},"Configuration":{"QuestionDescriptionOption":"UseText"},"QuestionDescription":"Are you an IBA or BA student?","Choices":{"1":{"Display":"BA - Dutch Program"},"2":{"Display":"IBA - English Program"}},"ChoiceOrder":[1,2],"Validation":{"Settings":{"ForceResponse":"ON","ForceResponseType":"ON","Type":"None"}},"GradingData":[],"Language":[],"NextChoiceId":5,"NextAnswerId":1,"QuestionID":"QID11"}},{"SurveyID":"SV_3xyKTf1YNMu5IHk","Element":"SQ","PrimaryAttribute":"QID6","SecondaryAttribute":"Compared to the other participants of this study, how often do you buy books? \u00a0 Please use the pe..","TertiaryAttribute":null,"Payload":{"QuestionText":"<strong>Compared to the other participants of this study, how often do you <u>buy books<\/u>?<\/strong>\n<div>&nbsp;<\/div>\n\n<div>Please use the percentile scale below, where 0 = \"I'm at the very bottom,\" 50 = \"I'm exactly average,\" and 99 = \"I'm at the very top\" in terms of how often you buy books compared to other participants of this study.<\/div>\n\n<div>&nbsp;<\/div>\n\n<div><strong>Note that there is not a right or wrong answer<\/strong>, we are interested in your perception on how often you buy books&nbsp;compared to other participants of this study.<\/div>","DefaultChoices":false,"DataExportTag":"sr_books","QuestionType":"Slider","Selector":"HSLIDER","DataVisibility":{"Private":false,"Hidden":false},"Configuration":{"QuestionDescriptionOption":"UseText","CSSliderMin":0,"CSSliderMax":100,"GridLines":2,"SnapToGrid":false,"NumDecimals":"0","ShowValue":true,"CustomStart":true,"SliderStartPositions":{"1":0.5023255813953488857492857277975417673587799072265625},"NotApplicable":false,"MobileFirst":true},"QuestionDescription":"Compared to the other participants of this study, how often do you buy books? \u00a0 Please use the pe...","Choices":{"1":{"Display":"&nbsp;"}},"ChoiceOrder":[1],"Validation":{"Settings":{"ForceResponse":"ON","ForceResponseType":"ON","Type":"None"}},"GradingData":[],"Language":[],"NextChoiceId":2,"NextAnswerId":1,"Labels":[],"QuestionID":"QID6"}},{"SurveyID":"SV_3xyKTf1YNMu5IHk","Element":"SQ","PrimaryAttribute":"QID7","SecondaryAttribute":"Compared to the other participants of this study, how often do you buy clothes? \u00a0 Please use the...","TertiaryAttribute":null,"Payload":{"QuestionText":"<strong>Compared to the other participants of this study, how often do you <u>buy clothes<\/u>?<\/strong>\n<div>&nbsp;<\/div>\n\n<div>Please use the percentile scale below, where 0 = \"I'm at the very bottom,\" 50 = \"I'm exactly average,\" and 99 = \"I'm at the very top\" in terms of how often you buy clothes  compared to other participants of this study.<\/div>\n\n<div>&nbsp;<\/div>\n\n<div><strong>Note that there is not a right or wrong answer<\/strong>, we are interested in your perception on how often you buy clothes  compared to other participants of this study.<\/div>","DefaultChoices":false,"DataExportTag":"sr_clothes","QuestionType":"Slider","Selector":"HSLIDER","DataVisibility":{"Private":false,"Hidden":false},"Configuration":{"QuestionDescriptionOption":"UseText","CSSliderMin":0,"CSSliderMax":100,"GridLines":2,"SnapToGrid":false,"NumDecimals":"0","ShowValue":true,"CustomStart":true,"SliderStartPositions":{"1":0.5023255813953488857492857277975417673587799072265625},"NotApplicable":false,"MobileFirst":true},"QuestionDescription":"Compared to the other participants of this study, how often do you buy clothes? \u00a0 Please use the...","Choices":{"1":{"Display":"&nbsp;"}},"ChoiceOrder":[1],"Validation":{"Settings":{"ForceResponse":"ON","ForceResponseType":"ON","Type":"None"}},"GradingData":[],"Language":[],"NextChoiceId":2,"NextAnswerId":1,"Labels":[],"QuestionID":"QID7"}},{"SurveyID":"SV_3xyKTf1YNMu5IHk","Element":"SQ","PrimaryAttribute":"QID16","SecondaryAttribute":"Compared to the other participants of this study, how often do you buy soft\/fizzy drinks from pre...","TertiaryAttribute":null,"Payload":{"QuestionText":"Compared to the other participants of this study, how often do you buy <b>soft\/fizzy drinks from premium brands&nbsp;<\/b>(like Coca Cola, Pepsi, Sprite, Schweppes, Mountain Dew, etc)?&nbsp;<br>","DefaultChoices":false,"DataExportTag":"buy_premium","QuestionType":"DB","Selector":"TB","Configuration":{"QuestionDescriptionOption":"UseText"},"QuestionDescription":"Compared to the other participants of this study, how often do you buy soft\/fizzy drinks from pre...","ChoiceOrder":[],"Validation":{"Settings":{"Type":"None"}},"GradingData":[],"Language":[],"NextChoiceId":4,"NextAnswerId":1,"QuestionID":"QID16","DataVisibility":{"Private":false,"Hidden":false}}},{"SurveyID":"SV_3xyKTf1YNMu5IHk","Element":"SQ","PrimaryAttribute":"QID17","SecondaryAttribute":"Compared to the other participants of this study, how often do you buy soft\/fizzy drinks from sup...","TertiaryAttribute":null,"Payload":{"QuestionText":"Compared to the other participants of this study, how often do you buy <b>soft\/fizzy drinks from supermarkets' own \"value\" brands<\/b> (the house-brands of chains like Tesco, Sainsbury's, Co-op, Aldi, etc.)?","DefaultChoices":false,"DataExportTag":"buy_private","QuestionType":"DB","Selector":"TB","Configuration":{"QuestionDescriptionOption":"UseText"},"QuestionDescription":"Compared to the other participants of this study, how often do you buy soft\/fizzy drinks from sup...","ChoiceOrder":[],"Validation":{"Settings":{"Type":"None"}},"GradingData":[],"Language":[],"NextChoiceId":4,"NextAnswerId":1,"QuestionID":"QID17","DataVisibility":{"Private":false,"Hidden":false}}},{"SurveyID":"SV_3xyKTf1YNMu5IHk","Element":"SQ","PrimaryAttribute":"QID18","SecondaryAttribute":"Compared to the other participants of this study, how often do you buy some coffee for your home?...","TertiaryAttribute":null,"Payload":{"QuestionText":"Compared to the other participants of this study, how often do you <b>buy <\/b>some <b>coffee for your home<\/b>? (beans, grounded coffee, capsules\/pads, etc)","DefaultChoices":false,"DataExportTag":"buy_home","QuestionType":"DB","Selector":"TB","Configuration":{"QuestionDescriptionOption":"UseText"},"QuestionDescription":"Compared to the other participants of this study, how often do you buy some coffee for your home?...","ChoiceOrder":[],"Validation":{"Settings":{"Type":"None"}},"GradingData":[],"Language":[],"NextChoiceId":4,"NextAnswerId":1,"QuestionID":"QID18","DataVisibility":{"Private":false,"Hidden":false}}},{"SurveyID":"SV_3xyKTf1YNMu5IHk","Element":"SQ","PrimaryAttribute":"QID19","SecondaryAttribute":"Compared to the other participants of this study, how often do you drink some coffee at home? (fr...","TertiaryAttribute":null,"Payload":{"QuestionText":"Compared to the other participants of this study, how often do you <b>drink <\/b>some <b>coffee at home<\/b>? (from&nbsp;beans, grounded coffee, capsules\/pads, etc)","DefaultChoices":false,"DataExportTag":"consume_home","QuestionType":"DB","Selector":"TB","Configuration":{"QuestionDescriptionOption":"UseText"},"QuestionDescription":"Compared to the other participants of this study, how often do you drink some coffee at home? (fr...","ChoiceOrder":[],"Validation":{"Settings":{"Type":"None"}},"GradingData":[],"Language":[],"NextChoiceId":4,"NextAnswerId":1,"QuestionID":"QID19","DataVisibility":{"Private":false,"Hidden":false}}},{"SurveyID":"SV_3xyKTf1YNMu5IHk","Element":"SQ","PrimaryAttribute":"QID8","SecondaryAttribute":"Compared to the other participants of this study, how often do you go out to dinner at a bar\/rest...","TertiaryAttribute":null,"Payload":{"QuestionText":"<strong>Compared to the other participants of this study, how often do you <u>go out to dinner at a bar\/restaurant<\/u>?<\/strong>\n<div>&nbsp;<\/div>\n\n<div>Please use the percentile scale below, where 0 = \"I'm at the very bottom,\" 50 = \"I'm exactly average,\" and 99 = \"I'm at the very top\" in terms of how often you go out to dinner at a bar\/restaurant compared to other participants of this study.<\/div><div><\/div>\n\n<div><strong><br><\/strong><\/div><div><strong>Note that there is not a right or wrong answer<\/strong>, we are interested in your perception on how often you go out to dinner at a bar\/restaurant  compared to other participants of this study.<\/div>","DefaultChoices":false,"DataExportTag":"sr_dinner","QuestionType":"Slider","Selector":"HSLIDER","DataVisibility":{"Private":false,"Hidden":false},"Configuration":{"QuestionDescriptionOption":"UseText","CSSliderMin":0,"CSSliderMax":100,"GridLines":2,"SnapToGrid":false,"NumDecimals":"0","ShowValue":true,"CustomStart":true,"SliderStartPositions":{"1":0.5023255813953488857492857277975417673587799072265625},"NotApplicable":false,"MobileFirst":true},"QuestionDescription":"Compared to the other participants of this study, how often do you go out to dinner at a bar\/rest...","Choices":{"1":{"Display":"&nbsp;"}},"ChoiceOrder":[1],"Validation":{"Settings":{"ForceResponse":"ON","ForceResponseType":"ON","Type":"None"}},"GradingData":[],"Language":[],"NextChoiceId":2,"NextAnswerId":1,"Labels":[],"QuestionID":"QID8"}},{"SurveyID":"SV_3xyKTf1YNMu5IHk","Element":"SQ","PrimaryAttribute":"QID10","SecondaryAttribute":"For which of the following would you like to receive the voucher, if you win the lottery?","TertiaryAttribute":null,"Payload":{"QuestionText":"For which of the following would you like to receive the voucher, if you win the lottery?","DefaultChoices":false,"DataExportTag":"Amazon choice","QuestionID":"QID10","QuestionType":"MC","Selector":"SAVR","SubSelector":"TX","DataVisibility":{"Private":false,"Hidden":false},"Configuration":{"QuestionDescriptionOption":"UseText"},"QuestionDescription":"For which of the following would you like to receive the voucher, if you win the lottery?","Choices":{"6":{"Display":"Amazon.nl"},"7":{"Display":"Amazon.de"},"8":{"Display":"Amazon.com"}},"ChoiceOrder":["6","7","8"],"Validation":{"Settings":{"ForceResponse":"OFF","Type":"None"}},"GradingData":[],"Language":[],"NextChoiceId":9,"NextAnswerId":1}},{"SurveyID":"SV_3xyKTf1YNMu5IHk","Element":"SQ","PrimaryAttribute":"QID4","SecondaryAttribute":"If there is anything you would like to comment on in this survey, you can do so here. ","TertiaryAttribute":null,"Payload":{"QuestionText":"If there is anything you would like to comment on in this survey, you can do so here.&nbsp;","DefaultChoices":false,"DataExportTag":"comment","QuestionID":"QID4","QuestionType":"TE","Selector":"ESTB","Configuration":{"QuestionDescriptionOption":"UseText","InputWidth":582,"InputHeight":81},"QuestionDescription":"If there is anything you would like to comment on in this survey, you can do so here. ","Validation":{"Settings":{"ForceResponse":"OFF","Type":"None"}},"GradingData":[],"Language":[],"NextChoiceId":6,"NextAnswerId":1,"SearchSource":{"AllowFreeResponse":"false"},"DataVisibility":{"Private":false,"Hidden":false}}},{"SurveyID":"SV_3xyKTf1YNMu5IHk","Element":"SQ","PrimaryAttribute":"QID9","SecondaryAttribute":"If you would like to participate in the lottery for the AMAZON gift voucher of \u20ac50, please insert.","TertiaryAttribute":null,"Payload":{"QuestionText":"If you would like to participate in the lottery for the AMAZON gift voucher of &euro;50, please insert your email below.\n<div>&nbsp;<\/div>\n\n<div><strong>Your email will only be used for the lottery. It will not be linked to your responses.<\/strong><\/div>","DefaultChoices":false,"DataExportTag":"email","QuestionType":"TE","Selector":"SL","DataVisibility":{"Private":false,"Hidden":false},"Configuration":{"QuestionDescriptionOption":"UseText","InputWidth":580,"InputHeight":29},"QuestionDescription":"If you would like to participate in the lottery for the AMAZON gift voucher of \u20ac50, please insert...","Validation":{"Settings":{"ForceResponse":"OFF","Type":"ContentType","MinChars":"1","ContentType":"ValidEmail","ValidDateType":"DateWithFormat","ValidPhoneType":"ValidUSPhone","ValidZipType":"ValidUSZip","ValidNumber":{"Min":"","Max":"","NumDecimals":""}}},"GradingData":[],"Language":[],"NextChoiceId":6,"NextAnswerId":1,"SearchSource":{"AllowFreeResponse":"false"},"QuestionID":"QID9"}},{"SurveyID":"SV_3xyKTf1YNMu5IHk","Element":"SQ","PrimaryAttribute":"QID15","SecondaryAttribute":"In this study, we will ask you how often you buy or consumer certain products or services.\u00a0 \u00a0 In..","TertiaryAttribute":null,"Payload":{"QuestionText":"In this study, we will ask you how often you buy or consumer certain products or services.&nbsp;\n<div>&nbsp;<\/div>\n\n<div><strong>In these questions, you will compare yourself to other participants in this study, which are residents of the UK who complete surveys on Prolific.&nbsp;<\/strong><\/div>\n\n<div>&nbsp;<\/div>\n\n<div>Note that there is not a right or wrong answer.&nbsp;<\/div>\n\n<div>Please answer all questions as accurately and as honestly as possible.<\/div>","DefaultChoices":false,"DataExportTag":"intro","QuestionType":"DB","Selector":"TB","Configuration":{"QuestionDescriptionOption":"UseText"},"QuestionDescription":"In this study, we will ask you how often you buy or consumer certain products or services.\u00a0 \u00a0 In...","ChoiceOrder":[],"Validation":{"Settings":{"Type":"None"}},"GradingData":[],"Language":[],"NextChoiceId":4,"NextAnswerId":1,"QuestionID":"QID15","DataVisibility":{"Private":false,"Hidden":false}}},{"SurveyID":"SV_3xyKTf1YNMu5IHk","Element":"SQ","PrimaryAttribute":"QID12","SecondaryAttribute":"Please enter your Prolific ID here:","TertiaryAttribute":null,"Payload":{"QuestionText":"Please enter your Prolific ID here:","DefaultChoices":false,"DataExportTag":"Prolific_ID","QuestionType":"TE","Selector":"SL","Configuration":{"QuestionDescriptionOption":"UseText"},"QuestionDescription":"Please enter your Prolific ID here:","Validation":{"Settings":{"ForceResponse":"ON","ForceResponseType":"ON","Type":"None"}},"GradingData":[],"Language":[],"NextChoiceId":4,"NextAnswerId":1,"SearchSource":{"AllowFreeResponse":"false"},"QuestionID":"QID12"}},{"SurveyID":"SV_3xyKTf1YNMu5IHk","Element":"SQ","PrimaryAttribute":"QID5","SecondaryAttribute":"Please use the percentile scale below, where 0 = \"I'm at the very bottom,\" 50 = \"I'm exactly aver...","TertiaryAttribute":null,"Payload":{"QuestionText":"Please use the percentile scale below, where 0 = \"I'm at the very bottom,\" 50 = \"I'm exactly average,\" and 100 = \"I'm at the very top\" in terms of how often you do so compared to other participants of this study. <br><br>Note that there is not a right or wrong answer, we are interested in your perception on how often you do this compared to other participants of this study.","DefaultChoices":false,"DataExportTag":"relative_rank","QuestionType":"Slider","Selector":"HSLIDER","Configuration":{"QuestionDescriptionOption":"UseText","CSSliderMin":0,"CSSliderMax":100,"GridLines":10,"SnapToGrid":false,"NumDecimals":0,"ShowValue":true,"CustomStart":true,"NotApplicable":false,"MobileFirst":true,"SliderStartPositions":{"1":0.5}},"QuestionDescription":"Please use the percentile scale below, where 0 = \"I'm at the very bottom,\" 50 = \"I'm exactly aver...","Choices":{"1":{"Display":"&nbsp;"}},"ChoiceOrder":[1],"Validation":{"Settings":{"ForceResponse":"RequestResponse","ForceResponseType":"RequestResponse","Type":"None"}},"GradingData":[],"Language":[],"NextChoiceId":4,"NextAnswerId":4,"Labels":{"1":{"Display":"I'm at the very bottom"},"2":{"Display":"I'm exactly average"},"3":{"Display":"I'm at the very top"}},"QuestionID":"QID5","DataVisibility":{"Private":false,"Hidden":false}}},{"SurveyID":"SV_3xyKTf1YNMu5IHk","Element":"SQ","PrimaryAttribute":"QID20","SecondaryAttribute":"Thank you for participating in this study! After you continue from this last page, you will be re...","TertiaryAttribute":null,"Payload":{"QuestionText":"Thank you for participating in this study! After you continue from this last page, you will be redirected to Prolific to claim your payment.<br><br>Your answers help us get a better understanding of how consumers think about their own consumption.<br>","DefaultChoices":false,"DataExportTag":"thanks","QuestionType":"DB","Selector":"TB","Configuration":{"QuestionDescriptionOption":"UseText"},"QuestionDescription":"Thank you for participating in this study! After you continue from this last page, you will be re...","ChoiceOrder":[],"Validation":{"Settings":{"Type":"None"}},"GradingData":[],"Language":[],"NextChoiceId":4,"NextAnswerId":1,"QuestionID":"QID20","DataVisibility":{"Private":false,"Hidden":false}}},{"SurveyID":"SV_3xyKTf1YNMu5IHk","Element":"SQ","PrimaryAttribute":"QID14","SecondaryAttribute":"The survey is nearly finished.\u00a0 \u00a0 When you click next, you will be redirected to Prolific app and.","TertiaryAttribute":null,"Payload":{"QuestionText":"The survey is nearly finished.&nbsp;\n<div>&nbsp;<\/div>\n\n<div>When you click next, you will be redirected to Prolific app and your participation will be recorded.&nbsp;<\/div>\n\n<div>&nbsp;<\/div>\n\n<div><strong>Please click next, or your participation won&#39;t be recorded.&nbsp;<\/strong><\/div>\n\n<div>&nbsp;<\/div>\n\n<div>Thank you!<\/div>","DefaultChoices":false,"DataExportTag":"end","QuestionID":"QID14","QuestionType":"DB","Selector":"TB","Configuration":{"QuestionDescriptionOption":"UseText"},"QuestionDescription":"The survey is nearly finished.\u00a0 \u00a0 When you click next, you will be redirected to Prolific app and...","ChoiceOrder":[],"Validation":{"Settings":{"Type":"None"}},"GradingData":[],"Language":[],"NextChoiceId":4,"NextAnswerId":1}},{"SurveyID":"SV_3xyKTf1YNMu5IHk","Element":"SQ","PrimaryAttribute":"QID1","SecondaryAttribute":"Welcome! Before taking part in this study, please read the consent form below and click the box a...","TertiaryAttribute":null,"Payload":{"QuestionText":"Welcome! Before taking part in this study, please read the consent form below and click the box at the bottom of the page if you understand the statements and freely consent to participate in the study.&nbsp;\n<div>&nbsp;<\/div>\n\n<div>Participation in the study typically takes approximately <strong>2 minutes<\/strong> and is <strong>anonymous<\/strong>.&nbsp;<\/div>\n\n<div>&nbsp;<\/div>\n\n<div>All responses are treated as <strong>confidential, and in no case will responses from individual participants be identified.<\/strong>&nbsp;<\/div>\n\n<div>&nbsp;<\/div>\n\n<div>Participation is voluntary.<\/div>\n\n<div>&nbsp;<\/div>\n\n<div><strong>Please answer all questions as accurately and as honestly as possible<\/strong>. We do not anticipate any discomfort arising out of this experiment. However, in case you feel that you are experiencing any risk or discomfort arising out of this experiment, you are free to withdraw from further participation at any stage of the experiment.&nbsp;<\/div>\n\n<div>&nbsp;<\/div>\n\n<div>If you have further questions about this study or your rights, or if you wish to lodge a concern, please contact Niels van de Ven of Tilburg University at N.v.d.Ven@tilburguniversity.edu.<\/div>","DefaultChoices":false,"DataExportTag":"","QuestionID":"QID1","QuestionType":"DB","Selector":"TB","DataVisibility":{"Private":false,"Hidden":false},"Configuration":{"QuestionDescriptionOption":"UseText"},"QuestionDescription":"Welcome! Before taking part in this study, please read the consent form below and click the box a...","ChoiceOrder":[],"Validation":{"Settings":{"Type":"None"}},"GradingData":[],"Language":[],"NextChoiceId":4,"NextAnswerId":1}},{"SurveyID":"SV_3xyKTf1YNMu5IHk","Element":"SQ","PrimaryAttribute":"QID24","SecondaryAttribute":"What do you think other consumers (on average) would normally be willing to pay for a typical 2 l...","TertiaryAttribute":null,"Payload":{"QuestionText":"What do you think other consumers (on average) would normally be willing to pay for a typical 2 litre (~0,5 gallon) bottle of fizzy drink from such a brand?<br><i>(please provide an answer in pounds, you can use decimals)<\/i><br>","DefaultChoices":false,"DataExportTag":"WTP_others","QuestionType":"TE","Selector":"SL","Configuration":{"QuestionDescriptionOption":"UseText"},"QuestionDescription":"What do you think other consumers (on average) would normally be willing to pay for a typical 2 l...","Validation":{"Settings":{"ForceResponse":"RequestResponse","ForceResponseType":"RequestResponse","Type":"ContentType","MinChars":"1","ContentType":"ValidNumber","ValidDateType":"DateWithFormat","ValidPhoneType":"ValidUSPhone","ValidZipType":"ValidUSZip","ValidNumber":{"Min":"0","Max":"10","NumDecimals":"2"}}},"GradingData":[],"Language":[],"NextChoiceId":4,"NextAnswerId":1,"SearchSource":{"AllowFreeResponse":"false"},"QuestionID":"QID24"}},{"SurveyID":"SV_3xyKTf1YNMu5IHk","Element":"SQ","PrimaryAttribute":"QID2","SecondaryAttribute":"What is your age?","TertiaryAttribute":null,"Payload":{"QuestionText":"What is your age?","DefaultChoices":false,"DataExportTag":"Age","QuestionType":"TE","Selector":"SL","Configuration":{"QuestionDescriptionOption":"UseText"},"QuestionDescription":"What is your age?","Validation":{"Settings":{"ForceResponse":"RequestResponse","ForceResponseType":"RequestResponse","Type":"ContentType","MinChars":"1","ContentType":"ValidNumber","ValidDateType":"DateWithFormat","ValidPhoneType":"ValidUSPhone","ValidZipType":"ValidUSZip","ValidNumber":{"Min":"","Max":"","NumDecimals":""}}},"GradingData":[],"Language":[],"NextChoiceId":4,"NextAnswerId":1,"SearchSource":{"AllowFreeResponse":"false"},"QuestionID":"QID2","DataVisibility":{"Private":false,"Hidden":false}}},{"SurveyID":"SV_3xyKTf1YNMu5IHk","Element":"SQ","PrimaryAttribute":"QID3","SecondaryAttribute":"What is your gender?","TertiaryAttribute":null,"Payload":{"QuestionText":"What is your gender?","DefaultChoices":false,"DataExportTag":"gender","QuestionType":"MC","Selector":"SAVR","SubSelector":"TX","Configuration":{"QuestionDescriptionOption":"UseText"},"QuestionDescription":"What is your gender?","Choices":{"1":{"Display":"Male"},"2":{"Display":"Female"},"3":{"Display":"Non-binary \/ third gender"},"4":{"Display":"Prefer not to say"}},"ChoiceOrder":[1,2,3,4],"Validation":{"Settings":{"ForceResponse":"RequestResponse","ForceResponseType":"RequestResponse","Type":"None"}},"GradingData":[],"Language":[],"NextChoiceId":5,"NextAnswerId":1,"QuestionID":"QID3","DataVisibility":{"Private":false,"Hidden":false}}},{"SurveyID":"SV_3xyKTf1YNMu5IHk","Element":"SQ","PrimaryAttribute":"QID23","SecondaryAttribute":"What would you normally be willing to pay for a typical 2 litre (~0,5 gallon) bottle of fizzy dri...","TertiaryAttribute":null,"Payload":{"QuestionText":"What would you normally be willing to pay for a typical 2 litre (~0,5 gallon) bottle of fizzy drink from such a brand? <br><i>(please provide an answer&nbsp;in pounds, you can use decimals)<\/i><br>","DefaultChoices":false,"DataExportTag":"WTP_self","QuestionType":"TE","Selector":"SL","Configuration":{"QuestionDescriptionOption":"UseText"},"QuestionDescription":"What would you normally be willing to pay for a typical 2 litre (~0,5 gallon) bottle of fizzy dri...","Validation":{"Settings":{"ForceResponse":"RequestResponse","ForceResponseType":"RequestResponse","Type":"ContentType","MinChars":"1","ContentType":"ValidNumber","ValidDateType":"DateWithFormat","ValidPhoneType":"ValidUSPhone","ValidZipType":"ValidUSZip","ValidNumber":{"Min":"0","Max":"10","NumDecimals":"2"}}},"GradingData":[],"Language":[],"NextChoiceId":4,"NextAnswerId":1,"SearchSource":{"AllowFreeResponse":"false"},"QuestionID":"QID23"}},{"SurveyID":"SV_3xyKTf1YNMu5IHk","Element":"SQ","PrimaryAttribute":"QID21","SecondaryAttribute":"You just indicated how often you think you buy soft\/fizzy drinks from premium brands (like Coca C...","TertiaryAttribute":null,"Payload":{"QuestionText":"You just indicated how often you think you buy soft\/fizzy drinks from premium brands (like Coca Cola, Pepsi, Sprite, Schweppes, Mountain Dew, etc) compared to others.","DefaultChoices":false,"DataExportTag":"recall_premium","QuestionType":"DB","Selector":"TB","Configuration":{"QuestionDescriptionOption":"UseText"},"QuestionDescription":"You just indicated how often you think you buy soft\/fizzy drinks from premium brands (like Coca C...","ChoiceOrder":[],"Validation":{"Settings":{"Type":"None"}},"GradingData":[],"Language":[],"NextChoiceId":4,"NextAnswerId":1,"QuestionID":"QID21","DisplayLogic":{"0":{"0":{"LogicType":"Question","QuestionID":"QID16","QuestionIsInLoop":"no","ChoiceLocator":"q:\/\/QID16\/DisplayableQuestion\/1","Operator":"Displayed","QuestionIDFromLocator":"QID16","LeftOperand":"q:\/\/QID16\/QuestionDisplayed","Type":"Expression","Description":"<span class=\"ConjDesc\">If<\/span> <span class=\"QuestionDesc\">Compared to the other participants of this study, how often do you buy soft\/fizzy drinks from premium brands&amp;nbsp;(like Coca Cola, Pepsi, Sprite, Schweppes, Mountain Dew, etc)?&amp;nbsp;<\/span> <span class=\"LeftOpDesc\"><\/span> <span class=\"OpDesc\">Is Displayed<\/span> "},"Type":"If"},"Type":"BooleanExpression","inPage":false}}},{"SurveyID":"SV_3xyKTf1YNMu5IHk","Element":"SQ","PrimaryAttribute":"QID22","SecondaryAttribute":"You just indicated how often you think you buy soft\/fizzy drinks from supermarkets' own \"value\" b...","TertiaryAttribute":null,"Payload":{"QuestionText":"You just indicated how often you think you buy soft\/fizzy drinks from supermarkets' own \"value\" brands (the house-brands of chains like Tesco, Sainsbury's, Co-op, Aldi, etc.) compared to others.","DefaultChoices":false,"DataExportTag":"recall_private","QuestionType":"DB","Selector":"TB","Configuration":{"QuestionDescriptionOption":"UseText"},"QuestionDescription":"You just indicated how often you think you buy soft\/fizzy drinks from supermarkets' own \"value\" b...","ChoiceOrder":[],"Validation":{"Settings":{"Type":"None"}},"GradingData":[],"Language":[],"NextChoiceId":4,"NextAnswerId":1,"QuestionID":"QID22","DisplayLogic":{"0":{"0":{"LogicType":"Question","QuestionID":"QID22","QuestionIsInLoop":"no","ChoiceLocator":"q:\/\/QID22\/DisplayableQuestion\/1","Operator":"Displayed","QuestionIDFromLocator":"QID22","LeftOperand":"q:\/\/QID22\/QuestionDisplayed","Type":"Expression","Description":"<span class=\"ConjDesc\">If<\/span> <span class=\"QuestionDesc\">You just indicated how often you think you buy soft\/fizzy drinks from supermarkets' own \"value\" brands (the house-brands of chains like Tesco, Sainsbury's, Co-op, Aldi, etc.) compared to others.<\/span> <span class=\"LeftOpDesc\"><\/span> <span class=\"OpDesc\">Is Displayed<\/span> "},"Type":"If"},"Type":"BooleanExpression","inPage":false}}}]}